
Microsoft Visual Studio Solution File, Format Version 12.00
# Visual Studio Version 16
VisualStudioVersion = 16.0.30621.155
MinimumVisualStudioVersion = 10.0.40219.1
Project("{FAE04EC0-301F-11D3-BF4B-00C04F79EFBC}") = "lab2", "lab2.csproj", "{11621B8A-6C8B-4EB9-9E24-2A3D09401292}"
EndProject
Global
	GlobalSection(SolutionConfigurationPlatforms) = preSolution
		Debug|Any CPU = Debug|Any CPU
		Release|Any CPU = Release|Any CPU
	EndGlobalSection
	GlobalSection(ProjectConfigurationPlatforms) = postSolution
		{11621B8A-6C8B-4EB9-9E24-2A3D09401292}.Debug|Any CPU.ActiveCfg = Debug|Any CPU
		{11621B8A-6C8B-4EB9-9E24-2A3D09401292}.Debug|Any CPU.Build.0 = Debug|Any CPU
		{11621B8A-6C8B-4EB9-9E24-2A3D09401292}.Release|Any CPU.ActiveCfg = Release|Any CPU
		{11621B8A-6C8B-4EB9-9E24-2A3D09401292}.Release|Any CPU.Build.0 = Release|Any CPU
	EndGlobalSection
	GlobalSection(SolutionProperties) = preSolution
		HideSolutionNode = FALSE
	EndGlobalSection
	GlobalSection(ExtensibilityGlobals) = postSolution
		SolutionGuid = {0FF696E3-761A-44F5-AB5F-4ACC978CB2C8}
	EndGlobalSection
EndGlobal
